
Microsoft Visual Studio Solution File, Format Version 12.00
# Visual Studio 14
VisualStudioVersion = 14.0.25420.1
MinimumVisualStudioVersion = 10.0.40219.1
Project("{FAE04EC0-301F-11D3-BF4B-00C04F79EFBC}") = "Ebuy", "Ebuy\Ebuy.csproj", "{3CBBD015-1BD7-4D52-9703-D03710B6ADA7}"
EndProject
Project("{FAE04EC0-301F-11D3-BF4B-00C04F79EFBC}") = "Ebuy.Tests", "Ebuy.Tests\Ebuy.Tests.csproj", "{68163634-C7BA-47CA-93E7-F1F7052A5B65}"
EndProject
Project("{FAE04EC0-301F-11D3-BF4B-00C04F79EFBC}") = "EFGenerator", "Entity\EFGenerator.csproj", "{A9642F11-4B89-4190-9ADC-A4843D1C766D}"
EndProject
Project("{FAE04EC0-301F-11D3-BF4B-00C04F79EFBC}") = "Model", "Model\Model.csproj", "{6CB78AA4-6571-4A50-BEEB-123340208018}"
EndProject
Project("{FAE04EC0-301F-11D3-BF4B-00C04F79EFBC}") = "DbBase", "DbBase\DbBase.csproj", "{9CF128BE-C5B9-4E80-9493-E724435E7EA6}"
EndProject
Project("{FAE04EC0-301F-11D3-BF4B-00C04F79EFBC}") = "Api", "Api\Api.csproj", "{D4995C0C-0FC2-4B5C-9079-598764A69605}"
EndProject
Project("{FAE04EC0-301F-11D3-BF4B-00C04F79EFBC}") = "Utils", "Utils\Utils.csproj", "{737A823B-909F-43BF-A9B9-278781A38BFC}"
EndProject
Project("{FAE04EC0-301F-11D3-BF4B-00C04F79EFBC}") = "WebAPI2", "WebAPI2\WebAPI2.csproj", "{FDBC32FD-CBE6-475B-B730-C2E706318ABB}"
EndProject
Project("{FAE04EC0-301F-11D3-BF4B-00C04F79EFBC}") = "WebAPI2.Tests", "WebAPI2.Tests\WebAPI2.Tests.csproj", "{EA8719B9-6C2D-4304-9339-8AD155246246}"
EndProject
Project("{2150E333-8FDC-42A3-9474-1A3956D46DE8}") = "Solution Items", "Solution Items", "{DA47D5C4-3EA3-4450-8613-DA67FC6ADA2D}"
	ProjectSection(SolutionItems) = preProject
		WebEssentials2015-Settings.json = WebEssentials2015-Settings.json
	EndProjectSection
EndProject
Global
	GlobalSection(SolutionConfigurationPlatforms) = preSolution
		Debug|Any CPU = Debug|Any CPU
		Release|Any CPU = Release|Any CPU
	EndGlobalSection
	GlobalSection(ProjectConfigurationPlatforms) = postSolution
		{3CBBD015-1BD7-4D52-9703-D03710B6ADA7}.Debug|Any CPU.ActiveCfg = Debug|Any CPU
		{3CBBD015-1BD7-4D52-9703-D03710B6ADA7}.Debug|Any CPU.Build.0 = Debug|Any CPU
		{3CBBD015-1BD7-4D52-9703-D03710B6ADA7}.Release|Any CPU.ActiveCfg = Release|Any CPU
		{3CBBD015-1BD7-4D52-9703-D03710B6ADA7}.Release|Any CPU.Build.0 = Release|Any CPU
		{68163634-C7BA-47CA-93E7-F1F7052A5B65}.Debug|Any CPU.ActiveCfg = Debug|Any CPU
		{68163634-C7BA-47CA-93E7-F1F7052A5B65}.Debug|Any CPU.Build.0 = Debug|Any CPU
		{68163634-C7BA-47CA-93E7-F1F7052A5B65}.Release|Any CPU.ActiveCfg = Release|Any CPU
		{68163634-C7BA-47CA-93E7-F1F7052A5B65}.Release|Any CPU.Build.0 = Release|Any CPU
		{A9642F11-4B89-4190-9ADC-A4843D1C766D}.Debug|Any CPU.ActiveCfg = Debug|Any CPU
		{A9642F11-4B89-4190-9ADC-A4843D1C766D}.Debug|Any CPU.Build.0 = Debug|Any CPU
		{A9642F11-4B89-4190-9ADC-A4843D1C766D}.Release|Any CPU.ActiveCfg = Release|Any CPU
		{A9642F11-4B89-4190-9ADC-A4843D1C766D}.Release|Any CPU.Build.0 = Release|Any CPU
		{6CB78AA4-6571-4A50-BEEB-123340208018}.Debug|Any CPU.ActiveCfg = Debug|Any CPU
		{6CB78AA4-6571-4A50-BEEB-123340208018}.Debug|Any CPU.Build.0 = Debug|Any CPU
		{6CB78AA4-6571-4A50-BEEB-123340208018}.Release|Any CPU.ActiveCfg = Release|Any CPU
		{6CB78AA4-6571-4A50-BEEB-123340208018}.Release|Any CPU.Build.0 = Release|Any CPU
		{9CF128BE-C5B9-4E80-9493-E724435E7EA6}.Debug|Any CPU.ActiveCfg = Debug|Any CPU
		{9CF128BE-C5B9-4E80-9493-E724435E7EA6}.Debug|Any CPU.Build.0 = Debug|Any CPU
		{9CF128BE-C5B9-4E80-9493-E724435E7EA6}.Release|Any CPU.ActiveCfg = Release|Any CPU
		{9CF128BE-C5B9-4E80-9493-E724435E7EA6}.Release|Any CPU.Build.0 = Release|Any CPU
		{D4995C0C-0FC2-4B5C-9079-598764A69605}.Debug|Any CPU.ActiveCfg = Debug|Any CPU
		{D4995C0C-0FC2-4B5C-9079-598764A69605}.Debug|Any CPU.Build.0 = Debug|Any CPU
		{D4995C0C-0FC2-4B5C-9079-598764A69605}.Release|Any CPU.ActiveCfg = Release|Any CPU
		{D4995C0C-0FC2-4B5C-9079-598764A69605}.Release|Any CPU.Build.0 = Release|Any CPU
		{737A823B-909F-43BF-A9B9-278781A38BFC}.Debug|Any CPU.ActiveCfg = Debug|Any CPU
		{737A823B-909F-43BF-A9B9-278781A38BFC}.Debug|Any CPU.Build.0 = Debug|Any CPU
		{737A823B-909F-43BF-A9B9-278781A38BFC}.Release|Any CPU.ActiveCfg = Release|Any CPU
		{737A823B-909F-43BF-A9B9-278781A38BFC}.Release|Any CPU.Build.0 = Release|Any CPU
		{FDBC32FD-CBE6-475B-B730-C2E706318ABB}.Debug|Any CPU.ActiveCfg = Debug|Any CPU
		{FDBC32FD-CBE6-475B-B730-C2E706318ABB}.Debug|Any CPU.Build.0 = Debug|Any CPU
		{FDBC32FD-CBE6-475B-B730-C2E706318ABB}.Release|Any CPU.ActiveCfg = Release|Any CPU
		{FDBC32FD-CBE6-475B-B730-C2E706318ABB}.Release|Any CPU.Build.0 = Release|Any CPU
		{EA8719B9-6C2D-4304-9339-8AD155246246}.Debug|Any CPU.ActiveCfg = Debug|Any CPU
		{EA8719B9-6C2D-4304-9339-8AD155246246}.Debug|Any CPU.Build.0 = Debug|Any CPU
		{EA8719B9-6C2D-4304-9339-8AD155246246}.Release|Any CPU.ActiveCfg = Release|Any CPU
		{EA8719B9-6C2D-4304-9339-8AD155246246}.Release|Any CPU.Build.0 = Release|Any CPU
	EndGlobalSection
	GlobalSection(SolutionProperties) = preSolution
		HideSolutionNode = FALSE
	EndGlobalSection
EndGlobal
